
Microsoft Visual Studio Solution File, Format Version 12.00
# Visual Studio Version 16
VisualStudioVersion = 16.0.32929.386
MinimumVisualStudioVersion = 10.0.40219.1
Project("{FAE04EC0-301F-11D3-BF4B-00C04F79EFBC}") = "Lab 11.1", "Lab 11.1\Lab 11.1.csproj", "{C3F73E9C-2321-46BF-BD22-54800683B0B6}"
EndProject
Global
	GlobalSection(SolutionConfigurationPlatforms) = preSolution
		Debug|Any CPU = Debug|Any CPU
		Release|Any CPU = Release|Any CPU
	EndGlobalSection
	GlobalSection(ProjectConfigurationPlatforms) = postSolution
		{C3F73E9C-2321-46BF-BD22-54800683B0B6}.Debug|Any CPU.ActiveCfg = Debug|Any CPU
		{C3F73E9C-2321-46BF-BD22-54800683B0B6}.Debug|Any CPU.Build.0 = Debug|Any CPU
		{C3F73E9C-2321-46BF-BD22-54800683B0B6}.Release|Any CPU.ActiveCfg = Release|Any CPU
		{C3F73E9C-2321-46BF-BD22-54800683B0B6}.Release|Any CPU.Build.0 = Release|Any CPU
	EndGlobalSection
	GlobalSection(SolutionProperties) = preSolution
		HideSolutionNode = FALSE
	EndGlobalSection
	GlobalSection(ExtensibilityGlobals) = postSolution
		SolutionGuid = {36BE9EE8-57DE-4982-A108-F2609A6BE75A}
	EndGlobalSection
EndGlobal
